
Microsoft Visual Studio Solution File, Format Version 12.00
# Visual Studio Version 17
VisualStudioVersion = 17.11.35312.102
MinimumVisualStudioVersion = 10.0.40219.1
Project("{FAE04EC0-301F-11D3-BF4B-00C04F79EFBC}") = "Bank Account Simulator", "Bank Account Simulator\Bank Account Simulator.csproj", "{0AA1F962-3E99-4B31-908A-2A83A366C0D3}"
EndProject
Global
	GlobalSection(SolutionConfigurationPlatforms) = preSolution
		Debug|Any CPU = Debug|Any CPU
		Release|Any CPU = Release|Any CPU
	EndGlobalSection
	GlobalSection(ProjectConfigurationPlatforms) = postSolution
		{0AA1F962-3E99-4B31-908A-2A83A366C0D3}.Debug|Any CPU.ActiveCfg = Debug|Any CPU
		{0AA1F962-3E99-4B31-908A-2A83A366C0D3}.Debug|Any CPU.Build.0 = Debug|Any CPU
		{0AA1F962-3E99-4B31-908A-2A83A366C0D3}.Release|Any CPU.ActiveCfg = Release|Any CPU
		{0AA1F962-3E99-4B31-908A-2A83A366C0D3}.Release|Any CPU.Build.0 = Release|Any CPU
	EndGlobalSection
	GlobalSection(SolutionProperties) = preSolution
		HideSolutionNode = FALSE
	EndGlobalSection
	GlobalSection(ExtensibilityGlobals) = postSolution
		SolutionGuid = {996DD70E-8035-40C1-99F0-40A32713C89D}
	EndGlobalSection
EndGlobal
